
Microsoft Visual Studio Solution File, Format Version 12.00
# Visual Studio 15
VisualStudioVersion = 15.0.28307.168
MinimumVisualStudioVersion = 10.0.40219.1
Project("{FAE04EC0-301F-11D3-BF4B-00C04F79EFBC}") = "Test1", "Test1\Test1.csproj", "{32443A58-3EE6-49C7-87E7-D96D7E4F209C}"
EndProject
Global
	GlobalSection(SolutionConfigurationPlatforms) = preSolution
		Debug|Any CPU = Debug|Any CPU
		Release|Any CPU = Release|Any CPU
	EndGlobalSection
	GlobalSection(ProjectConfigurationPlatforms) = postSolution
		{32443A58-3EE6-49C7-87E7-D96D7E4F209C}.Debug|Any CPU.ActiveCfg = Debug|Any CPU
		{32443A58-3EE6-49C7-87E7-D96D7E4F209C}.Debug|Any CPU.Build.0 = Debug|Any CPU
		{32443A58-3EE6-49C7-87E7-D96D7E4F209C}.Release|Any CPU.ActiveCfg = Release|Any CPU
		{32443A58-3EE6-49C7-87E7-D96D7E4F209C}.Release|Any CPU.Build.0 = Release|Any CPU
	EndGlobalSection
	GlobalSection(SolutionProperties) = preSolution
		HideSolutionNode = FALSE
	EndGlobalSection
	GlobalSection(ExtensibilityGlobals) = postSolution
		SolutionGuid = {1B0C25B0-83AA-4DB4-997C-CD53C8653159}
	EndGlobalSection
EndGlobal
