
Microsoft Visual Studio Solution File, Format Version 12.00
# Visual Studio 15
VisualStudioVersion = 15.0.28307.168
MinimumVisualStudioVersion = 10.0.40219.1
Project("{FAE04EC0-301F-11D3-BF4B-00C04F79EFBC}") = "SendPost", "SendPost\SendPost.csproj", "{20BE53A7-2264-47FD-839A-FC211B7D34B8}"
EndProject
Global
	GlobalSection(SolutionConfigurationPlatforms) = preSolution
		Debug|Any CPU = Debug|Any CPU
		Release|Any CPU = Release|Any CPU
	EndGlobalSection
	GlobalSection(ProjectConfigurationPlatforms) = postSolution
		{20BE53A7-2264-47FD-839A-FC211B7D34B8}.Debug|Any CPU.ActiveCfg = Debug|Any CPU
		{20BE53A7-2264-47FD-839A-FC211B7D34B8}.Debug|Any CPU.Build.0 = Debug|Any CPU
		{20BE53A7-2264-47FD-839A-FC211B7D34B8}.Release|Any CPU.ActiveCfg = Release|Any CPU
		{20BE53A7-2264-47FD-839A-FC211B7D34B8}.Release|Any CPU.Build.0 = Release|Any CPU
	EndGlobalSection
	GlobalSection(SolutionProperties) = preSolution
		HideSolutionNode = FALSE
	EndGlobalSection
	GlobalSection(ExtensibilityGlobals) = postSolution
		SolutionGuid = {80311A1F-FB4F-4D47-99FC-03F7BCBFC7AF}
	EndGlobalSection
EndGlobal
